{
  "version": 4,
  "terraform_version": "1.14.5",
  "serial": 31,
  "lineage": "29941edf-8a4d-6bb8-a38d-9e31d9597aae",
  "outputs": {},
  "resources": [
    {
      "mode": "data",
      "type": "azurerm_client_config",
      "name": "current",
      "provider": "provider[\"registry.terraform.io/hashicorp/azurerm\"]",
      "instances": [
        {
          "schema_version": 0,
          "attributes": {
            "client_id": "04b07795-8ddb-461a-bbee-02f9e1bf7b46",
            "id": "Y2xpZW50Q29uZmlncy9jbGllbnRJZD0wNGIwNzc5NS04ZGRiLTQ2MWEtYmJlZS0wMmY5ZTFiZjdiNDY7b2JqZWN0SWQ9ZWYyYmExZTgtZGE5YS00ZTVkLTk3MjAtZDgzMjVkZWNjZWVjO3N1YnNjcmlwdGlvbklkPTQ4Mzc0MTBkLWVmZGYtNGM2Ny05Yjc0LThhNWMxNjdkZjYwMTt0ZW5hbnRJZD1mM2YxNTJjOC1kYzBiLTRlNjMtOWU1My0zZWQ5ZmExNGRhMmM=",
            "object_id": "ef2ba1e8-da9a-4e5d-9720-d8325decceec",
            "subscription_id": "4837410d-efdf-4c67-9b74-8a5c167df601",
            "tenant_id": "f3f152c8-dc0b-4e63-9e53-3ed9fa14da2c",
            "timeouts": null
          },
          "sensitive_attributes": [],
          "identity_schema_version": 0
        }
      ]
    },
    {
      "mode": "managed",
      "type": "azurerm_key_vault",
      "name": "kv",
      "provider": "provider[\"registry.terraform.io/hashicorp/azurerm\"]",
      "instances": [
        {
          "schema_version": 2,
          "attributes": {
            "access_policy": [
              {
                "application_id": "",
                "certificate_permissions": [],
                "key_permissions": [],
                "object_id": "ef2ba1e8-da9a-4e5d-9720-d8325decceec",
                "secret_permissions": [
                  "Get",
                  "Set",
                  "List"
                ],
                "storage_permissions": [],
                "tenant_id": "f3f152c8-dc0b-4e63-9e53-3ed9fa14da2c"
              }
            ],
            "contact": [],
            "enable_rbac_authorization": false,
            "enabled_for_deployment": false,
            "enabled_for_disk_encryption": false,
            "enabled_for_template_deployment": false,
            "id": "/subscriptions/4837410d-efdf-4c67-9b74-8a5c167df601/resourceGroups/rg-az500-project/providers/Microsoft.KeyVault/vaults/kvaz500proj12345",
            "location": "eastus",
            "name": "kvaz500proj12345",
            "network_acls": [
              {
                "bypass": "AzureServices",
                "default_action": "Allow",
                "ip_rules": [],
                "virtual_network_subnet_ids": []
              }
            ],
            "public_network_access_enabled": true,
            "purge_protection_enabled": false,
            "resource_group_name": "rg-az500-project",
            "sku_name": "standard",
            "soft_delete_retention_days": 7,
            "tags": {},
            "tenant_id": "f3f152c8-dc0b-4e63-9e53-3ed9fa14da2c",
            "timeouts": null,
            "vault_uri": "https://kvaz500proj12345.vault.azure.net/"
          },
          "sensitive_attributes": [],
          "identity_schema_version": 0,
          "private": "eyJlMmJmYjczMC1lY2FhLTExZTYtOGY4OC0zNDM2M2JjN2M0YzAiOnsiY3JlYXRlIjoxODAwMDAwMDAwMDAwLCJkZWxldGUiOjE4MDAwMDAwMDAwMDAsInJlYWQiOjMwMDAwMDAwMDAwMCwidXBkYXRlIjoxODAwMDAwMDAwMDAwfSwic2NoZW1hX3ZlcnNpb24iOiIyIn0=",
          "dependencies": [
            "azurerm_resource_group.rg",
            "data.azurerm_client_config.current"
          ]
        }
      ]
    },
    {
      "mode": "managed",
      "type": "azurerm_key_vault_secret",
      "name": "secret",
      "provider": "provider[\"registry.terraform.io/hashicorp/azurerm\"]",
      "instances": [
        {
          "schema_version": 0,
          "attributes": {
            "content_type": "",
            "expiration_date": null,
            "id": "https://kvaz500proj12345.vault.azure.net/secrets/db-password/4186dab17c62416eafc2d7f37e32000f",
            "key_vault_id": "/subscriptions/4837410d-efdf-4c67-9b74-8a5c167df601/resourceGroups/rg-az500-project/providers/Microsoft.KeyVault/vaults/kvaz500proj12345",
            "name": "db-password",
            "not_before_date": null,
            "resource_id": "/subscriptions/4837410d-efdf-4c67-9b74-8a5c167df601/resourceGroups/rg-az500-project/providers/Microsoft.KeyVault/vaults/kvaz500proj12345/secrets/db-password/versions/4186dab17c62416eafc2d7f37e32000f",
            "resource_versionless_id": "/subscriptions/4837410d-efdf-4c67-9b74-8a5c167df601/resourceGroups/rg-az500-project/providers/Microsoft.KeyVault/vaults/kvaz500proj12345/secrets/db-password",
            "tags": {},
            "timeouts": null,
            "value": "SuperSecret123!",
            "version": "4186dab17c62416eafc2d7f37e32000f",
            "versionless_id": "https://kvaz500proj12345.vault.azure.net/secrets/db-password"
          },
          "sensitive_attributes": [
            [
              {
                "type": "get_attr",
                "value": "value"
              }
            ]
          ],
          "identity_schema_version": 0,
          "private": "eyJlMmJmYjczMC1lY2FhLTExZTYtOGY4OC0zNDM2M2JjN2M0YzAiOnsiY3JlYXRlIjoxODAwMDAwMDAwMDAwLCJkZWxldGUiOjE4MDAwMDAwMDAwMDAsInJlYWQiOjE4MDAwMDAwMDAwMDAsInVwZGF0ZSI6MTgwMDAwMDAwMDAwMH19",
          "dependencies": [
            "azurerm_key_vault.kv",
            "azurerm_resource_group.rg",
            "data.azurerm_client_config.current"
          ]
        }
      ]
    },
    {
      "mode": "managed",
      "type": "azurerm_resource_group",
      "name": "rg",
      "provider": "provider[\"registry.terraform.io/hashicorp/azurerm\"]",
      "instances": [
        {
          "schema_version": 0,
          "attributes": {
            "id": "/subscriptions/4837410d-efdf-4c67-9b74-8a5c167df601/resourceGroups/rg-az500-project",
            "location": "eastus",
            "managed_by": "",
            "name": "rg-az500-project",
            "tags": {},
            "timeouts": null
          },
          "sensitive_attributes": [],
          "identity_schema_version": 0,
          "private": "eyJlMmJmYjczMC1lY2FhLTExZTYtOGY4OC0zNDM2M2JjN2M0YzAiOnsiY3JlYXRlIjo1NDAwMDAwMDAwMDAwLCJkZWxldGUiOjU0MDAwMDAwMDAwMDAsInJlYWQiOjMwMDAwMDAwMDAwMCwidXBkYXRlIjo1NDAwMDAwMDAwMDAwfX0="
        }
      ]
    }
  ],
  "check_results": null
}
